<?xml version="1.0" encoding="utf-8"?>
<Project ToolsVersion="4.0" xmlns="http://schemas.microsoft.com/developer/msbuild/2003">
  <ItemGroup>
    <ClCompile Include="Main.cpp" />
    <ClCompile Include="XedWrap.cpp">
      <Filter>Default</Filter>
    </ClCompile>
    <ClCompile Include="InstRope.cpp">
      <Filter>Core</Filter>
    </ClCompile>
    <ClCompile Include="NativeRope.cpp">
      <Filter>Core</Filter>
    </ClCompile>
    <ClCompile Include="Logging.cpp">
      <Filter>LoggingCompany</Filter>
    </ClCompile>
    <ClCompile Include="VirtualInst.cpp">
      <Filter>VirtualMachine</Filter>
    </ClCompile>
    <ClCompile Include="Obfuscator.cpp">
      <Filter>Obfuscator</Filter>
    </ClCompile>
    <ClCompile Include="BranchMan.cpp">
      <Filter>Obfuscator\Techniques</Filter>
    </ClCompile>
    <ClCompile Include="FunctionBlock.cpp">
      <Filter>Obfuscator\Utilities</Filter>
    </ClCompile>
    <ClCompile Include="Jit.cpp">
      <Filter>Obfuscator\Techniques</Filter>
    </ClCompile>
    <ClCompile Include="RandomAssembly.cpp">
      <Filter>Obfuscator</Filter>
    </ClCompile>
    <ClCompile Include="Junk.cpp">
      <Filter>Obfuscator\Techniques</Filter>
    </ClCompile>
  </ItemGroup>
  <ItemGroup>
    <ClInclude Include="Windas.h">
      <Filter>Default</Filter>
    </ClInclude>
    <ClInclude Include="XedWrap.h">
      <Filter>Default</Filter>
    </ClInclude>
    <ClInclude Include="InstRope.h">
      <Filter>Core</Filter>
    </ClInclude>
    <ClInclude Include="NativeRope.h">
      <Filter>Core</Filter>
    </ClInclude>
    <ClInclude Include="Logging.h">
      <Filter>LoggingCompany</Filter>
    </ClInclude>
    <ClInclude Include="VirtualInst.h">
      <Filter>VirtualMachine</Filter>
    </ClInclude>
    <ClInclude Include="VmStructure.h">
      <Filter>VirtualMachine</Filter>
    </ClInclude>
    <ClInclude Include="Obfuscator.h">
      <Filter>Obfuscator</Filter>
    </ClInclude>
    <ClInclude Include="BranchMan.h">
      <Filter>Obfuscator\Techniques</Filter>
    </ClInclude>
    <ClInclude Include="FunctionBlock.h">
      <Filter>Obfuscator\Utilities</Filter>
    </ClInclude>
    <ClInclude Include="Jit.h">
      <Filter>Obfuscator\Techniques</Filter>
    </ClInclude>
    <ClInclude Include="RandomAssembly.h">
      <Filter>Obfuscator</Filter>
    </ClInclude>
    <ClInclude Include="Junk.h">
      <Filter>Obfuscator\Techniques</Filter>
    </ClInclude>
  </ItemGroup>
  <ItemGroup>
    <Filter Include="Default">
      <UniqueIdentifier>{3196f36e-f608-4f54-bae5-afde61b9b852}</UniqueIdentifier>
    </Filter>
    <Filter Include="Core">
      <UniqueIdentifier>{9f5a2015-a20a-4329-9747-5b4452f8c65b}</UniqueIdentifier>
    </Filter>
    <Filter Include="LoggingCompany">
      <UniqueIdentifier>{95f1026f-2c5d-4a8e-a7b9-82ed3be87b1a}</UniqueIdentifier>
    </Filter>
    <Filter Include="VirtualMachine">
      <UniqueIdentifier>{2c546172-5502-4f66-a1d4-8d8caefcedde}</UniqueIdentifier>
    </Filter>
    <Filter Include="Obfuscator">
      <UniqueIdentifier>{10153015-ba51-4e34-8a9a-30f6795352b9}</UniqueIdentifier>
    </Filter>
    <Filter Include="Obfuscator\Techniques">
      <UniqueIdentifier>{25549e73-4289-4d10-ba41-2861bcdede45}</UniqueIdentifier>
    </Filter>
    <Filter Include="Obfuscator\Utilities">
      <UniqueIdentifier>{e1bf0645-4d0d-4bc3-8030-b30205cfab82}</UniqueIdentifier>
    </Filter>
  </ItemGroup>
</Project>